
Microsoft Visual Studio Solution File, Format Version 12.00
# Visual Studio 15
VisualStudioVersion = 15.0.28010.2046
MinimumVisualStudioVersion = 10.0.40219.1
Project("{FAE04EC0-301F-11D3-BF4B-00C04F79EFBC}") = "XpuctAPP", "XpuctAPP\XpuctAPP.csproj", "{EDFE7DDC-C602-4775-BD4D-92630E14F770}"
EndProject
Global
	GlobalSection(SolutionConfigurationPlatforms) = preSolution
		Debug|Any CPU = Debug|Any CPU
		Release|Any CPU = Release|Any CPU
	EndGlobalSection
	GlobalSection(ProjectConfigurationPlatforms) = postSolution
		{EDFE7DDC-C602-4775-BD4D-92630E14F770}.Debug|Any CPU.ActiveCfg = Debug|Any CPU
		{EDFE7DDC-C602-4775-BD4D-92630E14F770}.Debug|Any CPU.Build.0 = Debug|Any CPU
		{EDFE7DDC-C602-4775-BD4D-92630E14F770}.Release|Any CPU.ActiveCfg = Release|Any CPU
		{EDFE7DDC-C602-4775-BD4D-92630E14F770}.Release|Any CPU.Build.0 = Release|Any CPU
	EndGlobalSection
	GlobalSection(SolutionProperties) = preSolution
		HideSolutionNode = FALSE
	EndGlobalSection
	GlobalSection(ExtensibilityGlobals) = postSolution
		SolutionGuid = {B14C64C3-8C40-460F-9F7E-83D9C7E8FD4B}
	EndGlobalSection
EndGlobal
